
Microsoft Visual Studio Solution File, Format Version 12.00
# Visual Studio 15
VisualStudioVersion = 15.0.28307.421
MinimumVisualStudioVersion = 10.0.40219.1
Project("{FAE04EC0-301F-11D3-BF4B-00C04F79EFBC}") = "P01_URL_Decode", "P01_URL_Decode\P01_URL_Decode.csproj", "{809A7AC5-316B-4733-AB3E-6B268CD5C5F1}"
EndProject
Project("{FAE04EC0-301F-11D3-BF4B-00C04F79EFBC}") = "P_02_Validate_URL", "P_02_Validate_URL\P_02_Validate_URL.csproj", "{94A79D8E-90DD-4A0C-AB52-DA4DB2FF3323}"
EndProject
Global
	GlobalSection(SolutionConfigurationPlatforms) = preSolution
		Debug|Any CPU = Debug|Any CPU
		Release|Any CPU = Release|Any CPU
	EndGlobalSection
	GlobalSection(ProjectConfigurationPlatforms) = postSolution
		{809A7AC5-316B-4733-AB3E-6B268CD5C5F1}.Debug|Any CPU.ActiveCfg = Debug|Any CPU
		{809A7AC5-316B-4733-AB3E-6B268CD5C5F1}.Debug|Any CPU.Build.0 = Debug|Any CPU
		{809A7AC5-316B-4733-AB3E-6B268CD5C5F1}.Release|Any CPU.ActiveCfg = Release|Any CPU
		{809A7AC5-316B-4733-AB3E-6B268CD5C5F1}.Release|Any CPU.Build.0 = Release|Any CPU
		{94A79D8E-90DD-4A0C-AB52-DA4DB2FF3323}.Debug|Any CPU.ActiveCfg = Debug|Any CPU
		{94A79D8E-90DD-4A0C-AB52-DA4DB2FF3323}.Debug|Any CPU.Build.0 = Debug|Any CPU
		{94A79D8E-90DD-4A0C-AB52-DA4DB2FF3323}.Release|Any CPU.ActiveCfg = Release|Any CPU
		{94A79D8E-90DD-4A0C-AB52-DA4DB2FF3323}.Release|Any CPU.Build.0 = Release|Any CPU
	EndGlobalSection
	GlobalSection(SolutionProperties) = preSolution
		HideSolutionNode = FALSE
	EndGlobalSection
	GlobalSection(ExtensibilityGlobals) = postSolution
		SolutionGuid = {ABE2FC4D-C547-4C42-BED1-25BE38B70FE5}
	EndGlobalSection
EndGlobal
